
Microsoft Visual Studio Solution File, Format Version 12.00
# Visual Studio Version 16
VisualStudioVersion = 16.0.28803.156
MinimumVisualStudioVersion = 10.0.40219.1
Project("{FAE04EC0-301F-11D3-BF4B-00C04F79EFBC}") = "TableHash", "TableHash\TableHash.csproj", "{DA6031FD-8E8A-426F-86F9-2E039EDF7382}"
EndProject
Global
	GlobalSection(SolutionConfigurationPlatforms) = preSolution
		Debug|Any CPU = Debug|Any CPU
		Release|Any CPU = Release|Any CPU
	EndGlobalSection
	GlobalSection(ProjectConfigurationPlatforms) = postSolution
		{DA6031FD-8E8A-426F-86F9-2E039EDF7382}.Debug|Any CPU.ActiveCfg = Debug|Any CPU
		{DA6031FD-8E8A-426F-86F9-2E039EDF7382}.Debug|Any CPU.Build.0 = Debug|Any CPU
		{DA6031FD-8E8A-426F-86F9-2E039EDF7382}.Release|Any CPU.ActiveCfg = Release|Any CPU
		{DA6031FD-8E8A-426F-86F9-2E039EDF7382}.Release|Any CPU.Build.0 = Release|Any CPU
	EndGlobalSection
	GlobalSection(SolutionProperties) = preSolution
		HideSolutionNode = FALSE
	EndGlobalSection
	GlobalSection(ExtensibilityGlobals) = postSolution
		SolutionGuid = {23735FE4-E356-40A3-B6AD-809BFEFCE253}
	EndGlobalSection
EndGlobal
